// !$*UTF8*$!
{
	archiveVersion = 1;
	classes = {
	};
	objectVersion = 51;
	objects = {

/* Begin PBXBuildFile section */
		0CED1528E3AB8668B5C3B37A /* Pods_flickrfrontendTests.framework in Frameworks */ = {isa = PBXBuildFile; fileRef = 9E91C1D4466D80E2826AEF80 /* Pods_flickrfrontendTests.framework */; };
		8A4BC419266ACAE6003433CD /* AppServices.framework in Frameworks */ = {isa = PBXBuildFile; fileRef = 8A4BC418266ACAE6003433CD /* AppServices.framework */; };
		8A4BC41A266ACAE6003433CD /* AppServices.framework in Embed Frameworks */ = {isa = PBXBuildFile; fileRef = 8A4BC418266ACAE6003433CD /* AppServices.framework */; settings = {ATTRIBUTES = (CodeSignOnCopy, RemoveHeadersOnCopy, ); }; };
		8A51DAAE265C825A00D99FB9 /* MainViewController.swift in Sources */ = {isa = PBXBuildFile; fileRef = 8A51DAAD265C825A00D99FB9 /* MainViewController.swift */; };
		8A51DAB2265C85B100D99FB9 /* GalleryViewModel.swift in Sources */ = {isa = PBXBuildFile; fileRef = 8A51DAB1265C85B100D99FB9 /* GalleryViewModel.swift */; };
		8AC8C862265992F0004EBC3C /* AppDelegate.swift in Sources */ = {isa = PBXBuildFile; fileRef = 8AC8C861265992F0004EBC3C /* AppDelegate.swift */; };
		8AC8C864265992F0004EBC3C /* SceneDelegate.swift in Sources */ = {isa = PBXBuildFile; fileRef = 8AC8C863265992F0004EBC3C /* SceneDelegate.swift */; };
		8AC8C866265992F0004EBC3C /* FlickrGalleryViewController.swift in Sources */ = {isa = PBXBuildFile; fileRef = 8AC8C865265992F0004EBC3C /* FlickrGalleryViewController.swift */; };
		8AC8C869265992F0004EBC3C /* Main.storyboard in Resources */ = {isa = PBXBuildFile; fileRef = 8AC8C867265992F0004EBC3C /* Main.storyboard */; };
		8AC8C86E265992F8004EBC3C /* Assets.xcassets in Resources */ = {isa = PBXBuildFile; fileRef = 8AC8C86D265992F8004EBC3C /* Assets.xcassets */; };
		8AC8C871265992F8004EBC3C /* LaunchScreen.storyboard in Resources */ = {isa = PBXBuildFile; fileRef = 8AC8C86F265992F8004EBC3C /* LaunchScreen.storyboard */; };
		8AC8C87C265992F9004EBC3C /* GalleryViewModelTest.swift in Sources */ = {isa = PBXBuildFile; fileRef = 8AC8C87B265992F9004EBC3C /* GalleryViewModelTest.swift */; };
		8AC8C887265992F9004EBC3C /* flickrfrontendUITests.swift in Sources */ = {isa = PBXBuildFile; fileRef = 8AC8C886265992F9004EBC3C /* flickrfrontendUITests.swift */; };
		8AD27D28265F212C00062963 /* FlickrEntities.framework in Frameworks */ = {isa = PBXBuildFile; fileRef = 8AD27D27265F212C00062963 /* FlickrEntities.framework */; };
		8AD27D29265F212C00062963 /* FlickrEntities.framework in Embed Frameworks */ = {isa = PBXBuildFile; fileRef = 8AD27D27265F212C00062963 /* FlickrEntities.framework */; settings = {ATTRIBUTES = (CodeSignOnCopy, RemoveHeadersOnCopy, ); }; };
		8AD27D64265F285E00062963 /* flickrfrontend.xcdatamodeld in Sources */ = {isa = PBXBuildFile; fileRef = 8AD27D62265F285E00062963 /* flickrfrontend.xcdatamodeld */; };
		8AD27D86266068F200062963 /* FlickrPhotoCell.swift in Sources */ = {isa = PBXBuildFile; fileRef = 8AD27D85266068F200062963 /* FlickrPhotoCell.swift */; };
		8AD9CBA0268556CB00011343 /* TestVictorEntity+CoreDataClass.swift in Sources */ = {isa = PBXBuildFile; fileRef = 8AD9CB9E268556CB00011343 /* TestVictorEntity+CoreDataClass.swift */; };
		8AD9CBA1268556CB00011343 /* TestVictorEntity+CoreDataProperties.swift in Sources */ = {isa = PBXBuildFile; fileRef = 8AD9CB9F268556CB00011343 /* TestVictorEntity+CoreDataProperties.swift */; };
		B6F1FBF9228C5863596F6603 /* Pods_flickrfrontend.framework in Frameworks */ = {isa = PBXBuildFile; fileRef = 864F22CC0E6149BA22D9CB6F /* Pods_flickrfrontend.framework */; };
/* End PBXBuildFile section */

/* Begin PBXContainerItemProxy section */
		8AC8C878265992F9004EBC3C /* PBXContainerItemProxy */ = {
			isa = PBXContainerItemProxy;
			containerPortal = 8AC8C856265992F0004EBC3C /* Project object */;
			proxyType = 1;
			remoteGlobalIDString = 8AC8C85D265992F0004EBC3C;
			remoteInfo = flickrfrontend;
		};
		8AC8C883265992F9004EBC3C /* PBXContainerItemProxy */ = {
			isa = PBXContainerItemProxy;
			containerPortal = 8AC8C856265992F0004EBC3C /* Project object */;
			proxyType = 1;
			remoteGlobalIDString = 8AC8C85D265992F0004EBC3C;
			remoteInfo = flickrfrontend;
		};
/* End PBXContainerItemProxy section */

/* Begin PBXCopyFilesBuildPhase section */
		8AD27CD4265F1C2F00062963 /* Embed Frameworks */ = {
			isa = PBXCopyFilesBuildPhase;
			buildActionMask = 2147483647;
			dstPath = "";
			dstSubfolderSpec = 10;
			files = (
				8A4BC41A266ACAE6003433CD /* AppServices.framework in Embed Frameworks */,
				8AD27D29265F212C00062963 /* FlickrEntities.framework in Embed Frameworks */,
			);
			name = "Embed Frameworks";
			runOnlyForDeploymentPostprocessing = 0;
		};
/* End PBXCopyFilesBuildPhase section */

/* Begin PBXFileReference section */
		0401FBBE5AC9B4C22ACE4335 /* Pods-flickrfrontend.release.xcconfig */ = {isa = PBXFileReference; includeInIndex = 1; lastKnownFileType = text.xcconfig; name = "Pods-flickrfrontend.release.xcconfig"; path = "Target Support Files/Pods-flickrfrontend/Pods-flickrfrontend.release.xcconfig"; sourceTree = "<group>"; };
		737965DE79F49CA46785E163 /* Pods-flickrfrontendTests.release.xcconfig */ = {isa = PBXFileReference; includeInIndex = 1; lastKnownFileType = text.xcconfig; name = "Pods-flickrfrontendTests.release.xcconfig"; path = "Target Support Files/Pods-flickrfrontendTests/Pods-flickrfrontendTests.release.xcconfig"; sourceTree = "<group>"; };
		864F22CC0E6149BA22D9CB6F /* Pods_flickrfrontend.framework */ = {isa = PBXFileReference; explicitFileType = wrapper.framework; includeInIndex = 0; path = Pods_flickrfrontend.framework; sourceTree = BUILT_PRODUCTS_DIR; };
		8A4BC418266ACAE6003433CD /* AppServices.framework */ = {isa = PBXFileReference; explicitFileType = wrapper.framework; path = AppServices.framework; sourceTree = BUILT_PRODUCTS_DIR; };
		8A51DAAD265C825A00D99FB9 /* MainViewController.swift */ = {isa = PBXFileReference; lastKnownFileType = sourcecode.swift; path = MainViewController.swift; sourceTree = "<group>"; };
		8A51DAB1265C85B100D99FB9 /* GalleryViewModel.swift */ = {isa = PBXFileReference; lastKnownFileType = sourcecode.swift; path = GalleryViewModel.swift; sourceTree = "<group>"; };
		8A51DAE0265C9BC400D99FB9 /* Networking.framework */ = {isa = PBXFileReference; explicitFileType = wrapper.framework; path = Networking.framework; sourceTree = BUILT_PRODUCTS_DIR; };
		8A51DAE8265C9E0F00D99FB9 /* Services.framework */ = {isa = PBXFileReference; explicitFileType = wrapper.framework; path = Services.framework; sourceTree = BUILT_PRODUCTS_DIR; };
		8AC8C85E265992F0004EBC3C /* flickrfrontend.app */ = {isa = PBXFileReference; explicitFileType = wrapper.application; includeInIndex = 0; path = flickrfrontend.app; sourceTree = BUILT_PRODUCTS_DIR; };
		8AC8C861265992F0004EBC3C /* AppDelegate.swift */ = {isa = PBXFileReference; lastKnownFileType = sourcecode.swift; path = AppDelegate.swift; sourceTree = "<group>"; };
		8AC8C863265992F0004EBC3C /* SceneDelegate.swift */ = {isa = PBXFileReference; lastKnownFileType = sourcecode.swift; path = SceneDelegate.swift; sourceTree = "<group>"; };
		8AC8C865265992F0004EBC3C /* FlickrGalleryViewController.swift */ = {isa = PBXFileReference; lastKnownFileType = sourcecode.swift; path = FlickrGalleryViewController.swift; sourceTree = "<group>"; };
		8AC8C868265992F0004EBC3C /* Base */ = {isa = PBXFileReference; lastKnownFileType = file.storyboard; name = Base; path = Base.lproj/Main.storyboard; sourceTree = "<group>"; };
		8AC8C86D265992F8004EBC3C /* Assets.xcassets */ = {isa = PBXFileReference; lastKnownFileType = folder.assetcatalog; path = Assets.xcassets; sourceTree = "<group>"; };
		8AC8C870265992F8004EBC3C /* Base */ = {isa = PBXFileReference; lastKnownFileType = file.storyboard; name = Base; path = Base.lproj/LaunchScreen.storyboard; sourceTree = "<group>"; };
		8AC8C872265992F8004EBC3C /* Info.plist */ = {isa = PBXFileReference; lastKnownFileType = text.plist.xml; path = Info.plist; sourceTree = "<group>"; };
		8AC8C877265992F9004EBC3C /* flickrfrontendTests.xctest */ = {isa = PBXFileReference; explicitFileType = wrapper.cfbundle; includeInIndex = 0; path = flickrfrontendTests.xctest; sourceTree = BUILT_PRODUCTS_DIR; };
		8AC8C87B265992F9004EBC3C /* GalleryViewModelTest.swift */ = {isa = PBXFileReference; lastKnownFileType = sourcecode.swift; path = GalleryViewModelTest.swift; sourceTree = "<group>"; };
		8AC8C87D265992F9004EBC3C /* Info.plist */ = {isa = PBXFileReference; lastKnownFileType = text.plist.xml; path = Info.plist; sourceTree = "<group>"; };
		8AC8C882265992F9004EBC3C /* flickrfrontendUITests.xctest */ = {isa = PBXFileReference; explicitFileType = wrapper.cfbundle; includeInIndex = 0; path = flickrfrontendUITests.xctest; sourceTree = BUILT_PRODUCTS_DIR; };
		8AC8C886265992F9004EBC3C /* flickrfrontendUITests.swift */ = {isa = PBXFileReference; lastKnownFileType = sourcecode.swift; path = flickrfrontendUITests.swift; sourceTree = "<group>"; };
		8AC8C888265992F9004EBC3C /* Info.plist */ = {isa = PBXFileReference; lastKnownFileType = text.plist.xml; path = Info.plist; sourceTree = "<group>"; };
		8AD27CD1265F1C2E00062963 /* AppNetwork.framework */ = {isa = PBXFileReference; explicitFileType = wrapper.framework; path = AppNetwork.framework; sourceTree = BUILT_PRODUCTS_DIR; };
		8AD27D21265F207D00062963 /* Entities.framework */ = {isa = PBXFileReference; explicitFileType = wrapper.framework; path = Entities.framework; sourceTree = BUILT_PRODUCTS_DIR; };
		8AD27D27265F212C00062963 /* FlickrEntities.framework */ = {isa = PBXFileReference; explicitFileType = wrapper.framework; path = FlickrEntities.framework; sourceTree = BUILT_PRODUCTS_DIR; };
		8AD27D63265F285E00062963 /* flickrfrontend.xcdatamodel */ = {isa = PBXFileReference; lastKnownFileType = wrapper.xcdatamodel; path = flickrfrontend.xcdatamodel; sourceTree = "<group>"; };
		8AD27D85266068F200062963 /* FlickrPhotoCell.swift */ = {isa = PBXFileReference; lastKnownFileType = sourcecode.swift; path = FlickrPhotoCell.swift; sourceTree = "<group>"; };
		8AD9CB9E268556CB00011343 /* TestVictorEntity+CoreDataClass.swift */ = {isa = PBXFileReference; lastKnownFileType = sourcecode.swift; path = "TestVictorEntity+CoreDataClass.swift"; sourceTree = SOURCE_ROOT; };
		8AD9CB9F268556CB00011343 /* TestVictorEntity+CoreDataProperties.swift */ = {isa = PBXFileReference; lastKnownFileType = sourcecode.swift; path = "TestVictorEntity+CoreDataProperties.swift"; sourceTree = SOURCE_ROOT; };
		9B4D97060CCAD5044CBF67E1 /* Pods-flickrfrontendTests.debug.xcconfig */ = {isa = PBXFileReference; includeInIndex = 1; lastKnownFileType = text.xcconfig; name = "Pods-flickrfrontendTests.debug.xcconfig"; path = "Target Support Files/Pods-flickrfrontendTests/Pods-flickrfrontendTests.debug.xcconfig"; sourceTree = "<group>"; };
		9E91C1D4466D80E2826AEF80 /* Pods_flickrfrontendTests.framework */ = {isa = PBXFileReference; explicitFileType = wrapper.framework; includeInIndex = 0; path = Pods_flickrfrontendTests.framework; sourceTree = BUILT_PRODUCTS_DIR; };
		A2F48D0233177310FF582F1B /* Pods-flickrfrontend.debug.xcconfig */ = {isa = PBXFileReference; includeInIndex = 1; lastKnownFileType = text.xcconfig; name = "Pods-flickrfrontend.debug.xcconfig"; path = "Target Support Files/Pods-flickrfrontend/Pods-flickrfrontend.debug.xcconfig"; sourceTree = "<group>"; };
/* End PBXFileReference section */

/* Begin PBXFrameworksBuildPhase section */
		8AC8C85B265992F0004EBC3C /* Frameworks */ = {
			isa = PBXFrameworksBuildPhase;
			buildActionMask = 2147483647;
			files = (
				B6F1FBF9228C5863596F6603 /* Pods_flickrfrontend.framework in Frameworks */,
				8AD27D28265F212C00062963 /* FlickrEntities.framework in Frameworks */,
				8A4BC419266ACAE6003433CD /* AppServices.framework in Frameworks */,
			);
			runOnlyForDeploymentPostprocessing = 0;
		};
		8AC8C874265992F9004EBC3C /* Frameworks */ = {
			isa = PBXFrameworksBuildPhase;
			buildActionMask = 2147483647;
			files = (
				0CED1528E3AB8668B5C3B37A /* Pods_flickrfrontendTests.framework in Frameworks */,
			);
			runOnlyForDeploymentPostprocessing = 0;
		};
		8AC8C87F265992F9004EBC3C /* Frameworks */ = {
			isa = PBXFrameworksBuildPhase;
			buildActionMask = 2147483647;
			files = (
			);
			runOnlyForDeploymentPostprocessing = 0;
		};
/* End PBXFrameworksBuildPhase section */

/* Begin PBXGroup section */
		30CE5D21D1346A276CCC2690 /* Pods */ = {
			isa = PBXGroup;
			children = (
				A2F48D0233177310FF582F1B /* Pods-flickrfrontend.debug.xcconfig */,
				0401FBBE5AC9B4C22ACE4335 /* Pods-flickrfrontend.release.xcconfig */,
				9B4D97060CCAD5044CBF67E1 /* Pods-flickrfrontendTests.debug.xcconfig */,
				737965DE79F49CA46785E163 /* Pods-flickrfrontendTests.release.xcconfig */,
			);
			path = Pods;
			sourceTree = "<group>";
		};
		8A51DAAF265C855600D99FB9 /* Gallery */ = {
			isa = PBXGroup;
			children = (
				8A51DAB0265C858400D99FB9 /* ViewModel */,
				8AC8C865265992F0004EBC3C /* FlickrGalleryViewController.swift */,
				8A51DAAD265C825A00D99FB9 /* MainViewController.swift */,
				8AD27D85266068F200062963 /* FlickrPhotoCell.swift */,
			);
			path = Gallery;
			sourceTree = "<group>";
		};
		8A51DAB0265C858400D99FB9 /* ViewModel */ = {
			isa = PBXGroup;
			children = (
				8A51DAB1265C85B100D99FB9 /* GalleryViewModel.swift */,
			);
			path = ViewModel;
			sourceTree = "<group>";
		};
		8AC8C855265992F0004EBC3C = {
			isa = PBXGroup;
			children = (
				8AC8C860265992F0004EBC3C /* flickrfrontend */,
				8AC8C87A265992F9004EBC3C /* flickrfrontendTests */,
				8AC8C885265992F9004EBC3C /* flickrfrontendUITests */,
				8AC8C85F265992F0004EBC3C /* Products */,
				30CE5D21D1346A276CCC2690 /* Pods */,
				ADE0ED28E9DC8151F088C89C /* Frameworks */,
			);
			sourceTree = "<group>";
		};
		8AC8C85F265992F0004EBC3C /* Products */ = {
			isa = PBXGroup;
			children = (
				8AC8C85E265992F0004EBC3C /* flickrfrontend.app */,
				8AC8C877265992F9004EBC3C /* flickrfrontendTests.xctest */,
				8AC8C882265992F9004EBC3C /* flickrfrontendUITests.xctest */,
			);
			name = Products;
			sourceTree = "<group>";
		};
		8AC8C860265992F0004EBC3C /* flickrfrontend */ = {
			isa = PBXGroup;
			children = (
				8AD9CB692685539E00011343 /* entities */,
				8A51DAAF265C855600D99FB9 /* Gallery */,
				8AC8C861265992F0004EBC3C /* AppDelegate.swift */,
				8AC8C863265992F0004EBC3C /* SceneDelegate.swift */,
				8AC8C867265992F0004EBC3C /* Main.storyboard */,
				8AC8C86D265992F8004EBC3C /* Assets.xcassets */,
				8AC8C86F265992F8004EBC3C /* LaunchScreen.storyboard */,
				8AC8C872265992F8004EBC3C /* Info.plist */,
				8AD27D62265F285E00062963 /* flickrfrontend.xcdatamodeld */,
			);
			path = flickrfrontend;
			sourceTree = "<group>";
		};
		8AC8C87A265992F9004EBC3C /* flickrfrontendTests */ = {
			isa = PBXGroup;
			children = (
				8AD27CA9265DC18300062963 /* ViewModel */,
				8AC8C87D265992F9004EBC3C /* Info.plist */,
			);
			path = flickrfrontendTests;
			sourceTree = "<group>";
		};
		8AC8C885265992F9004EBC3C /* flickrfrontendUITests */ = {
			isa = PBXGroup;
			children = (
				8AC8C886265992F9004EBC3C /* flickrfrontendUITests.swift */,
				8AC8C888265992F9004EBC3C /* Info.plist */,
			);
			path = flickrfrontendUITests;
			sourceTree = "<group>";
		};
		8AD27CA9265DC18300062963 /* ViewModel */ = {
			isa = PBXGroup;
			children = (
				8AC8C87B265992F9004EBC3C /* GalleryViewModelTest.swift */,
			);
			path = ViewModel;
			sourceTree = "<group>";
		};
		8AD9CB692685539E00011343 /* entities */ = {
			isa = PBXGroup;
			children = (
				8AD9CB9E268556CB00011343 /* TestVictorEntity+CoreDataClass.swift */,
				8AD9CB9F268556CB00011343 /* TestVictorEntity+CoreDataProperties.swift */,
			);
			path = entities;
			sourceTree = "<group>";
		};
		ADE0ED28E9DC8151F088C89C /* Frameworks */ = {
			isa = PBXGroup;
			children = (
				8A4BC418266ACAE6003433CD /* AppServices.framework */,
				8AD27D27265F212C00062963 /* FlickrEntities.framework */,
				8AD27D21265F207D00062963 /* Entities.framework */,
				8AD27CD1265F1C2E00062963 /* AppNetwork.framework */,
				8A51DAE8265C9E0F00D99FB9 /* Services.framework */,
				8A51DAE0265C9BC400D99FB9 /* Networking.framework */,
				864F22CC0E6149BA22D9CB6F /* Pods_flickrfrontend.framework */,
				9E91C1D4466D80E2826AEF80 /* Pods_flickrfrontendTests.framework */,
			);
			name = Frameworks;
			sourceTree = "<group>";
		};
/* End PBXGroup section */

/* Begin PBXNativeTarget section */
		8AC8C85D265992F0004EBC3C /* flickrfrontend */ = {
			isa = PBXNativeTarget;
			buildConfigurationList = 8AC8C88B265992F9004EBC3C /* Build configuration list for PBXNativeTarget "flickrfrontend" */;
			buildPhases = (
				0CD141BBDE376CB354A34D8B /* [CP] Check Pods Manifest.lock */,
				8AC8C85A265992F0004EBC3C /* Sources */,
				8AC8C85B265992F0004EBC3C /* Frameworks */,
				8AC8C85C265992F0004EBC3C /* Resources */,
				8ED66D088D80CBFC5B50DB12 /* [CP] Embed Pods Frameworks */,
				8AD27CD4265F1C2F00062963 /* Embed Frameworks */,
			);
			buildRules = (
			);
			dependencies = (
			);
			name = flickrfrontend;
			productName = flickrfrontend;
			productReference = 8AC8C85E265992F0004EBC3C /* flickrfrontend.app */;
			productType = "com.apple.product-type.application";
		};
		8AC8C876265992F9004EBC3C /* flickrfrontendTests */ = {
			isa = PBXNativeTarget;
			buildConfigurationList = 8AC8C88E265992F9004EBC3C /* Build configuration list for PBXNativeTarget "flickrfrontendTests" */;
			buildPhases = (
				01BB305EFA77EA90EEC3FA87 /* [CP] Check Pods Manifest.lock */,
				8AC8C873265992F9004EBC3C /* Sources */,
				8AC8C874265992F9004EBC3C /* Frameworks */,
				8AC8C875265992F9004EBC3C /* Resources */,
				C8FA1D8D88AA51638CC985EA /* [CP] Embed Pods Frameworks */,
			);
			buildRules = (
			);
			dependencies = (
				8AC8C879265992F9004EBC3C /* PBXTargetDependency */,
			);
			name = flickrfrontendTests;
			productName = flickrfrontendTests;
			productReference = 8AC8C877265992F9004EBC3C /* flickrfrontendTests.xctest */;
			productType = "com.apple.product-type.bundle.unit-test";
		};
		8AC8C881265992F9004EBC3C /* flickrfrontendUITests */ = {
			isa = PBXNativeTarget;
			buildConfigurationList = 8AC8C891265992F9004EBC3C /* Build configuration list for PBXNativeTarget "flickrfrontendUITests" */;
			buildPhases = (
				8AC8C87E265992F9004EBC3C /* Sources */,
				8AC8C87F265992F9004EBC3C /* Frameworks */,
				8AC8C880265992F9004EBC3C /* Resources */,
			);
			buildRules = (
			);
			dependencies = (
				8AC8C884265992F9004EBC3C /* PBXTargetDependency */,
			);
			name = flickrfrontendUITests;
			productName = flickrfrontendUITests;
			productReference = 8AC8C882265992F9004EBC3C /* flickrfrontendUITests.xctest */;
			productType = "com.apple.product-type.bundle.ui-testing";
		};
/* End PBXNativeTarget section */

/* Begin PBXProject section */
		8AC8C856265992F0004EBC3C /* Project object */ = {
			isa = PBXProject;
			attributes = {
				LastSwiftUpdateCheck = 1250;
				LastUpgradeCheck = 1250;
				TargetAttributes = {
					8AC8C85D265992F0004EBC3C = {
						CreatedOnToolsVersion = 12.5;
					};
					8AC8C876265992F9004EBC3C = {
						CreatedOnToolsVersion = 12.5;
						TestTargetID = 8AC8C85D265992F0004EBC3C;
					};
					8AC8C881265992F9004EBC3C = {
						CreatedOnToolsVersion = 12.5;
						TestTargetID = 8AC8C85D265992F0004EBC3C;
					};
				};
			};
			buildConfigurationList = 8AC8C859265992F0004EBC3C /* Build configuration list for PBXProject "flickrfrontend" */;
			compatibilityVersion = "Xcode 9.3";
			developmentRegion = en;
			hasScannedForEncodings = 0;
			knownRegions = (
				en,
				Base,
			);
			mainGroup = 8AC8C855265992F0004EBC3C;
			productRefGroup = 8AC8C85F265992F0004EBC3C /* Products */;
			projectDirPath = "";
			projectRoot = "";
			targets = (
				8AC8C85D265992F0004EBC3C /* flickrfrontend */,
				8AC8C876265992F9004EBC3C /* flickrfrontendTests */,
				8AC8C881265992F9004EBC3C /* flickrfrontendUITests */,
			);
		};
/* End PBXProject section */

/* Begin PBXResourcesBuildPhase section */
		8AC8C85C265992F0004EBC3C /* Resources */ = {
			isa = PBXResourcesBuildPhase;
			buildActionMask = 2147483647;
			files = (
				8AC8C871265992F8004EBC3C /* LaunchScreen.storyboard in Resources */,
				8AC8C86E265992F8004EBC3C /* Assets.xcassets in Resources */,
				8AC8C869265992F0004EBC3C /* Main.storyboard in Resources */,
			);
			runOnlyForDeploymentPostprocessing = 0;
		};
		8AC8C875265992F9004EBC3C /* Resources */ = {
			isa = PBXResourcesBuildPhase;
			buildActionMask = 2147483647;
			files = (
			);
			runOnlyForDeploymentPostprocessing = 0;
		};
		8AC8C880265992F9004EBC3C /* Resources */ = {
			isa = PBXResourcesBuildPhase;
			buildActionMask = 2147483647;
			files = (
			);
			runOnlyForDeploymentPostprocessing = 0;
		};
/* End PBXResourcesBuildPhase section */

/* Begin PBXShellScriptBuildPhase section */
		01BB305EFA77EA90EEC3FA87 /* [CP] Check Pods Manifest.lock */ = {
			isa = PBXShellScriptBuildPhase;
			buildActionMask = 2147483647;
			files = (
			);
			inputFileListPaths = (
			);
			inputPaths = (
				"${PODS_PODFILE_DIR_PATH}/Podfile.lock",
				"${PODS_ROOT}/Manifest.lock",
			);
			name = "[CP] Check Pods Manifest.lock";
			outputFileListPaths = (
			);
			outputPaths = (
				"$(DERIVED_FILE_DIR)/Pods-flickrfrontendTests-checkManifestLockResult.txt",
			);
			runOnlyForDeploymentPostprocessing = 0;
			shellPath = /bin/sh;
			shellScript = "diff \"${PODS_PODFILE_DIR_PATH}/Podfile.lock\" \"${PODS_ROOT}/Manifest.lock\" > /dev/null\nif [ $? != 0 ] ; then\n    # print error to STDERR\n    echo \"error: The sandbox is not in sync with the Podfile.lock. Run 'pod install' or update your CocoaPods installation.\" >&2\n    exit 1\nfi\n# This output is used by Xcode 'outputs' to avoid re-running this script phase.\necho \"SUCCESS\" > \"${SCRIPT_OUTPUT_FILE_0}\"\n";
			showEnvVarsInLog = 0;
		};
		0CD141BBDE376CB354A34D8B /* [CP] Check Pods Manifest.lock */ = {
			isa = PBXShellScriptBuildPhase;
			buildActionMask = 2147483647;
			files = (
			);
			inputFileListPaths = (
			);
			inputPaths = (
				"${PODS_PODFILE_DIR_PATH}/Podfile.lock",
				"${PODS_ROOT}/Manifest.lock",
			);
			name = "[CP] Check Pods Manifest.lock";
			outputFileListPaths = (
			);
			outputPaths = (
				"$(DERIVED_FILE_DIR)/Pods-flickrfrontend-checkManifestLockResult.txt",
			);
			runOnlyForDeploymentPostprocessing = 0;
			shellPath = /bin/sh;
			shellScript = "diff \"${PODS_PODFILE_DIR_PATH}/Podfile.lock\" \"${PODS_ROOT}/Manifest.lock\" > /dev/null\nif [ $? != 0 ] ; then\n    # print error to STDERR\n    echo \"error: The sandbox is not in sync with the Podfile.lock. Run 'pod install' or update your CocoaPods installation.\" >&2\n    exit 1\nfi\n# This output is used by Xcode 'outputs' to avoid re-running this script phase.\necho \"SUCCESS\" > \"${SCRIPT_OUTPUT_FILE_0}\"\n";
			showEnvVarsInLog = 0;
		};
		8ED66D088D80CBFC5B50DB12 /* [CP] Embed Pods Frameworks */ = {
			isa = PBXShellScriptBuildPhase;
			buildActionMask = 2147483647;
			files = (
			);
			inputFileListPaths = (
				"${PODS_ROOT}/Target Support Files/Pods-flickrfrontend/Pods-flickrfrontend-frameworks-${CONFIGURATION}-input-files.xcfilelist",
			);
			name = "[CP] Embed Pods Frameworks";
			outputFileListPaths = (
				"${PODS_ROOT}/Target Support Files/Pods-flickrfrontend/Pods-flickrfrontend-frameworks-${CONFIGURATION}-output-files.xcfilelist",
			);
			runOnlyForDeploymentPostprocessing = 0;
			shellPath = /bin/sh;
			shellScript = "\"${PODS_ROOT}/Target Support Files/Pods-flickrfrontend/Pods-flickrfrontend-frameworks.sh\"\n";
			showEnvVarsInLog = 0;
		};
		C8FA1D8D88AA51638CC985EA /* [CP] Embed Pods Frameworks */ = {
			isa = PBXShellScriptBuildPhase;
			buildActionMask = 2147483647;
			files = (
			);
			inputFileListPaths = (
				"${PODS_ROOT}/Target Support Files/Pods-flickrfrontendTests/Pods-flickrfrontendTests-frameworks-${CONFIGURATION}-input-files.xcfilelist",
			);
			name = "[CP] Embed Pods Frameworks";
			outputFileListPaths = (
				"${PODS_ROOT}/Target Support Files/Pods-flickrfrontendTests/Pods-flickrfrontendTests-frameworks-${CONFIGURATION}-output-files.xcfilelist",
			);
			runOnlyForDeploymentPostprocessing = 0;
			shellPath = /bin/sh;
			shellScript = "\"${PODS_ROOT}/Target Support Files/Pods-flickrfrontendTests/Pods-flickrfrontendTests-frameworks.sh\"\n";
			showEnvVarsInLog = 0;
		};
/* End PBXShellScriptBuildPhase section */

/* Begin PBXSourcesBuildPhase section */
		8AC8C85A265992F0004EBC3C /* Sources */ = {
			isa = PBXSourcesBuildPhase;
			buildActionMask = 2147483647;
			files = (
				8AC8C866265992F0004EBC3C /* FlickrGalleryViewController.swift in Sources */,
				8AC8C862265992F0004EBC3C /* AppDelegate.swift in Sources */,
				8AD27D86266068F200062963 /* FlickrPhotoCell.swift in Sources */,
				8AD27D64265F285E00062963 /* flickrfrontend.xcdatamodeld in Sources */,
				8A51DAAE265C825A00D99FB9 /* MainViewController.swift in Sources */,
				8A51DAB2265C85B100D99FB9 /* GalleryViewModel.swift in Sources */,
				8AC8C864265992F0004EBC3C /* SceneDelegate.swift in Sources */,
				8AD9CBA1268556CB00011343 /* TestVictorEntity+CoreDataProperties.swift in Sources */,
				8AD9CBA0268556CB00011343 /* TestVictorEntity+CoreDataClass.swift in Sources */,
			);
			runOnlyForDeploymentPostprocessing = 0;
		};
		8AC8C873265992F9004EBC3C /* Sources */ = {
			isa = PBXSourcesBuildPhase;
			buildActionMask = 2147483647;
			files = (
				8AC8C87C265992F9004EBC3C /* GalleryViewModelTest.swift in Sources */,
			);
			runOnlyForDeploymentPostprocessing = 0;
		};
		8AC8C87E265992F9004EBC3C /* Sources */ = {
			isa = PBXSourcesBuildPhase;
			buildActionMask = 2147483647;
			files = (
				8AC8C887265992F9004EBC3C /* flickrfrontendUITests.swift in Sources */,
			);
			runOnlyForDeploymentPostprocessing = 0;
		};
/* End PBXSourcesBuildPhase section */

/* Begin PBXTargetDependency section */
		8AC8C879265992F9004EBC3C /* PBXTargetDependency */ = {
			isa = PBXTargetDependency;
			target = 8AC8C85D265992F0004EBC3C /* flickrfrontend */;
			targetProxy = 8AC8C878265992F9004EBC3C /* PBXContainerItemProxy */;
		};
		8AC8C884265992F9004EBC3C /* PBXTargetDependency */ = {
			isa = PBXTargetDependency;
			target = 8AC8C85D265992F0004EBC3C /* flickrfrontend */;
			targetProxy = 8AC8C883265992F9004EBC3C /* PBXContainerItemProxy */;
		};
/* End PBXTargetDependency section */

/* Begin PBXVariantGroup section */
		8AC8C867265992F0004EBC3C /* Main.storyboard */ = {
			isa = PBXVariantGroup;
			children = (
				8AC8C868265992F0004EBC3C /* Base */,
			);
			name = Main.storyboard;
			sourceTree = "<group>";
		};
		8AC8C86F265992F8004EBC3C /* LaunchScreen.storyboard */ = {
			isa = PBXVariantGroup;
			children = (
				8AC8C870265992F8004EBC3C /* Base */,
			);
			name = LaunchScreen.storyboard;
			sourceTree = "<group>";
		};
/* End PBXVariantGroup section */

/* Begin XCBuildConfiguration section */
		8AC8C889265992F9004EBC3C /* Debug */ = {
			isa = XCBuildConfiguration;
			buildSettings = {
				ALWAYS_SEARCH_USER_PATHS = NO;
				CLANG_ANALYZER_NONNULL = YES;
				CLANG_ANALYZER_NUMBER_OBJECT_CONVERSION = YES_AGGRESSIVE;
				CLANG_CXX_LANGUAGE_STANDARD = "gnu++14";
				CLANG_CXX_LIBRARY = "libc++";
				CLANG_ENABLE_MODULES = YES;
				CLANG_ENABLE_OBJC_ARC = YES;
				CLANG_ENABLE_OBJC_WEAK = YES;
				CLANG_WARN_BLOCK_CAPTURE_AUTORELEASING = YES;
				CLANG_WARN_BOOL_CONVERSION = YES;
				CLANG_WARN_COMMA = YES;
				CLANG_WARN_CONSTANT_CONVERSION = YES;
				CLANG_WARN_DEPRECATED_OBJC_IMPLEMENTATIONS = YES;
				CLANG_WARN_DIRECT_OBJC_ISA_USAGE = YES_ERROR;
				CLANG_WARN_DOCUMENTATION_COMMENTS = YES;
				CLANG_WARN_EMPTY_BODY = YES;
				CLANG_WARN_ENUM_CONVERSION = YES;
				CLANG_WARN_INFINITE_RECURSION = YES;
				CLANG_WARN_INT_CONVERSION = YES;
				CLANG_WARN_NON_LITERAL_NULL_CONVERSION = YES;
				CLANG_WARN_OBJC_IMPLICIT_RETAIN_SELF = YES;
				CLANG_WARN_OBJC_LITERAL_CONVERSION = YES;
				CLANG_WARN_OBJC_ROOT_CLASS = YES_ERROR;
				CLANG_WARN_QUOTED_INCLUDE_IN_FRAMEWORK_HEADER = YES;
				CLANG_WARN_RANGE_LOOP_ANALYSIS = YES;
				CLANG_WARN_STRICT_PROTOTYPES = YES;
				CLANG_WARN_SUSPICIOUS_MOVE = YES;
				CLANG_WARN_UNGUARDED_AVAILABILITY = YES_AGGRESSIVE;
				CLANG_WARN_UNREACHABLE_CODE = YES;
				CLANG_WARN__DUPLICATE_METHOD_MATCH = YES;
				COPY_PHASE_STRIP = NO;
				DEBUG_INFORMATION_FORMAT = dwarf;
				ENABLE_STRICT_OBJC_MSGSEND = YES;
				ENABLE_TESTABILITY = YES;
				GCC_C_LANGUAGE_STANDARD = gnu11;
				GCC_DYNAMIC_NO_PIC = NO;
				GCC_NO_COMMON_BLOCKS = YES;
				GCC_OPTIMIZATION_LEVEL = 0;
				GCC_PREPROCESSOR_DEFINITIONS = (
					"DEBUG=1",
					"$(inherited)",
				);
				GCC_WARN_64_TO_32_BIT_CONVERSION = YES;
				GCC_WARN_ABOUT_RETURN_TYPE = YES_ERROR;
				GCC_WARN_UNDECLARED_SELECTOR = YES;
				GCC_WARN_UNINITIALIZED_AUTOS = YES_AGGRESSIVE;
				GCC_WARN_UNUSED_FUNCTION = YES;
				GCC_WARN_UNUSED_VARIABLE = YES;
				IPHONEOS_DEPLOYMENT_TARGET = 14.5;
				MTL_ENABLE_DEBUG_INFO = INCLUDE_SOURCE;
				MTL_FAST_MATH = YES;
				ONLY_ACTIVE_ARCH = YES;
				SDKROOT = iphoneos;
				SWIFT_ACTIVE_COMPILATION_CONDITIONS = DEBUG;
				SWIFT_OPTIMIZATION_LEVEL = "-Onone";
			};
			name = Debug;
		};
		8AC8C88A265992F9004EBC3C /* Release */ = {
			isa = XCBuildConfiguration;
			buildSettings = {
				ALWAYS_SEARCH_USER_PATHS = NO;
				CLANG_ANALYZER_NONNULL = YES;
				CLANG_ANALYZER_NUMBER_OBJECT_CONVERSION = YES_AGGRESSIVE;
				CLANG_CXX_LANGUAGE_STANDARD = "gnu++14";
				CLANG_CXX_LIBRARY = "libc++";
				CLANG_ENABLE_MODULES = YES;
				CLANG_ENABLE_OBJC_ARC = YES;
				CLANG_ENABLE_OBJC_WEAK = YES;
				CLANG_WARN_BLOCK_CAPTURE_AUTORELEASING = YES;
				CLANG_WARN_BOOL_CONVERSION = YES;
				CLANG_WARN_COMMA = YES;
				CLANG_WARN_CONSTANT_CONVERSION = YES;
				CLANG_WARN_DEPRECATED_OBJC_IMPLEMENTATIONS = YES;
				CLANG_WARN_DIRECT_OBJC_ISA_USAGE = YES_ERROR;
				CLANG_WARN_DOCUMENTATION_COMMENTS = YES;
				CLANG_WARN_EMPTY_BODY = YES;
				CLANG_WARN_ENUM_CONVERSION = YES;
				CLANG_WARN_INFINITE_RECURSION = YES;
				CLANG_WARN_INT_CONVERSION = YES;
				CLANG_WARN_NON_LITERAL_NULL_CONVERSION = YES;
				CLANG_WARN_OBJC_IMPLICIT_RETAIN_SELF = YES;
				CLANG_WARN_OBJC_LITERAL_CONVERSION = YES;
				CLANG_WARN_OBJC_ROOT_CLASS = YES_ERROR;
				CLANG_WARN_QUOTED_INCLUDE_IN_FRAMEWORK_HEADER = YES;
				CLANG_WARN_RANGE_LOOP_ANALYSIS = YES;
				CLANG_WARN_STRICT_PROTOTYPES = YES;
				CLANG_WARN_SUSPICIOUS_MOVE = YES;
				CLANG_WARN_UNGUARDED_AVAILABILITY = YES_AGGRESSIVE;
				CLANG_WARN_UNREACHABLE_CODE = YES;
				CLANG_WARN__DUPLICATE_METHOD_MATCH = YES;
				COPY_PHASE_STRIP = NO;
				DEBUG_INFORMATION_FORMAT = "dwarf-with-dsym";
				ENABLE_NS_ASSERTIONS = NO;
				ENABLE_STRICT_OBJC_MSGSEND = YES;
				GCC_C_LANGUAGE_STANDARD = gnu11;
				GCC_NO_COMMON_BLOCKS = YES;
				GCC_WARN_64_TO_32_BIT_CONVERSION = YES;
				GCC_WARN_ABOUT_RETURN_TYPE = YES_ERROR;
				GCC_WARN_UNDECLARED_SELECTOR = YES;
				GCC_WARN_UNINITIALIZED_AUTOS = YES_AGGRESSIVE;
				GCC_WARN_UNUSED_FUNCTION = YES;
				GCC_WARN_UNUSED_VARIABLE = YES;
				IPHONEOS_DEPLOYMENT_TARGET = 14.5;
				MTL_ENABLE_DEBUG_INFO = NO;
				MTL_FAST_MATH = YES;
				SDKROOT = iphoneos;
				SWIFT_COMPILATION_MODE = wholemodule;
				SWIFT_OPTIMIZATION_LEVEL = "-O";
				VALIDATE_PRODUCT = YES;
			};
			name = Release;
		};
		8AC8C88C265992F9004EBC3C /* Debug */ = {
			isa = XCBuildConfiguration;
			baseConfigurationReference = A2F48D0233177310FF582F1B /* Pods-flickrfrontend.debug.xcconfig */;
			buildSettings = {
				ASSETCATALOG_COMPILER_APPICON_NAME = AppIcon;
				ASSETCATALOG_COMPILER_GLOBAL_ACCENT_COLOR_NAME = AccentColor;
				CODE_SIGN_STYLE = Automatic;
				DEVELOPMENT_TEAM = UGGEUBZ59J;
				INFOPLIST_FILE = flickrfrontend/Info.plist;
				LD_RUNPATH_SEARCH_PATHS = (
					"$(inherited)",
					"@executable_path/Frameworks",
				);
				PRODUCT_BUNDLE_IDENTIFIER = victoramaro.flickrfrontend;
				PRODUCT_NAME = "$(TARGET_NAME)";
				SWIFT_VERSION = 5.0;
				TARGETED_DEVICE_FAMILY = "1,2";
			};
			name = Debug;
		};
		8AC8C88D265992F9004EBC3C /* Release */ = {
			isa = XCBuildConfiguration;
			baseConfigurationReference = 0401FBBE5AC9B4C22ACE4335 /* Pods-flickrfrontend.release.xcconfig */;
			buildSettings = {
				ASSETCATALOG_COMPILER_APPICON_NAME = AppIcon;
				ASSETCATALOG_COMPILER_GLOBAL_ACCENT_COLOR_NAME = AccentColor;
				CODE_SIGN_STYLE = Automatic;
				DEVELOPMENT_TEAM = UGGEUBZ59J;
				INFOPLIST_FILE = flickrfrontend/Info.plist;
				LD_RUNPATH_SEARCH_PATHS = (
					"$(inherited)",
					"@executable_path/Frameworks",
				);
				PRODUCT_BUNDLE_IDENTIFIER = victoramaro.flickrfrontend;
				PRODUCT_NAME = "$(TARGET_NAME)";
				SWIFT_VERSION = 5.0;
				TARGETED_DEVICE_FAMILY = "1,2";
			};
			name = Release;
		};
		8AC8C88F265992F9004EBC3C /* Debug */ = {
			isa = XCBuildConfiguration;
			baseConfigurationReference = 9B4D97060CCAD5044CBF67E1 /* Pods-flickrfrontendTests.debug.xcconfig */;
			buildSettings = {
				ALWAYS_EMBED_SWIFT_STANDARD_LIBRARIES = "$(inherited)";
				BUNDLE_LOADER = "$(TEST_HOST)";
				CODE_SIGN_STYLE = Automatic;
				DEVELOPMENT_TEAM = UGGEUBZ59J;
				INFOPLIST_FILE = flickrfrontendTests/Info.plist;
				IPHONEOS_DEPLOYMENT_TARGET = 14.5;
				LD_RUNPATH_SEARCH_PATHS = (
					"$(inherited)",
					"@executable_path/Frameworks",
					"@loader_path/Frameworks",
				);
				PRODUCT_BUNDLE_IDENTIFIER = victoramaro.flickrfrontendTests;
				PRODUCT_NAME = "$(TARGET_NAME)";
				SWIFT_VERSION = 5.0;
				TARGETED_DEVICE_FAMILY = "1,2";
				TEST_HOST = "$(BUILT_PRODUCTS_DIR)/flickrfrontend.app/flickrfrontend";
			};
			name = Debug;
		};
		8AC8C890265992F9004EBC3C /* Release */ = {
			isa = XCBuildConfiguration;
			baseConfigurationReference = 737965DE79F49CA46785E163 /* Pods-flickrfrontendTests.release.xcconfig */;
			buildSettings = {
				ALWAYS_EMBED_SWIFT_STANDARD_LIBRARIES = "$(inherited)";
				BUNDLE_LOADER = "$(TEST_HOST)";
				CODE_SIGN_STYLE = Automatic;
				DEVELOPMENT_TEAM = UGGEUBZ59J;
				INFOPLIST_FILE = flickrfrontendTests/Info.plist;
				IPHONEOS_DEPLOYMENT_TARGET = 14.5;
				LD_RUNPATH_SEARCH_PATHS = (
					"$(inherited)",
					"@executable_path/Frameworks",
					"@loader_path/Frameworks",
				);
				PRODUCT_BUNDLE_IDENTIFIER = victoramaro.flickrfrontendTests;
				PRODUCT_NAME = "$(TARGET_NAME)";
				SWIFT_VERSION = 5.0;
				TARGETED_DEVICE_FAMILY = "1,2";
				TEST_HOST = "$(BUILT_PRODUCTS_DIR)/flickrfrontend.app/flickrfrontend";
			};
			name = Release;
		};
		8AC8C892265992F9004EBC3C /* Debug */ = {
			isa = XCBuildConfiguration;
			buildSettings = {
				ALWAYS_EMBED_SWIFT_STANDARD_LIBRARIES = YES;
				CODE_SIGN_STYLE = Automatic;
				DEVELOPMENT_TEAM = UGGEUBZ59J;
				INFOPLIST_FILE = flickrfrontendUITests/Info.plist;
				LD_RUNPATH_SEARCH_PATHS = (
					"$(inherited)",
					"@executable_path/Frameworks",
					"@loader_path/Frameworks",
				);
				PRODUCT_BUNDLE_IDENTIFIER = victoramaro.flickrfrontendUITests;
				PRODUCT_NAME = "$(TARGET_NAME)";
				SWIFT_VERSION = 5.0;
				TARGETED_DEVICE_FAMILY = "1,2";
				TEST_TARGET_NAME = flickrfrontend;
			};
			name = Debug;
		};
		8AC8C893265992F9004EBC3C /* Release */ = {
			isa = XCBuildConfiguration;
			buildSettings = {
				ALWAYS_EMBED_SWIFT_STANDARD_LIBRARIES = YES;
				CODE_SIGN_STYLE = Automatic;
				DEVELOPMENT_TEAM = UGGEUBZ59J;
				INFOPLIST_FILE = flickrfrontendUITests/Info.plist;
				LD_RUNPATH_SEARCH_PATHS = (
					"$(inherited)",
					"@executable_path/Frameworks",
					"@loader_path/Frameworks",
				);
				PRODUCT_BUNDLE_IDENTIFIER = victoramaro.flickrfrontendUITests;
				PRODUCT_NAME = "$(TARGET_NAME)";
				SWIFT_VERSION = 5.0;
				TARGETED_DEVICE_FAMILY = "1,2";
				TEST_TARGET_NAME = flickrfrontend;
			};
			name = Release;
		};
/* End XCBuildConfiguration section */

/* Begin XCConfigurationList section */
		8AC8C859265992F0004EBC3C /* Build configuration list for PBXProject "flickrfrontend" */ = {
			isa = XCConfigurationList;
			buildConfigurations = (
				8AC8C889265992F9004EBC3C /* Debug */,
				8AC8C88A265992F9004EBC3C /* Release */,
			);
			defaultConfigurationIsVisible = 0;
			defaultConfigurationName = Release;
		};
		8AC8C88B265992F9004EBC3C /* Build configuration list for PBXNativeTarget "flickrfrontend" */ = {
			isa = XCConfigurationList;
			buildConfigurations = (
				8AC8C88C265992F9004EBC3C /* Debug */,
				8AC8C88D265992F9004EBC3C /* Release */,
			);
			defaultConfigurationIsVisible = 0;
			defaultConfigurationName = Release;
		};
		8AC8C88E265992F9004EBC3C /* Build configuration list for PBXNativeTarget "flickrfrontendTests" */ = {
			isa = XCConfigurationList;
			buildConfigurations = (
				8AC8C88F265992F9004EBC3C /* Debug */,
				8AC8C890265992F9004EBC3C /* Release */,
			);
			defaultConfigurationIsVisible = 0;
			defaultConfigurationName = Release;
		};
		8AC8C891265992F9004EBC3C /* Build configuration list for PBXNativeTarget "flickrfrontendUITests" */ = {
			isa = XCConfigurationList;
			buildConfigurations = (
				8AC8C892265992F9004EBC3C /* Debug */,
				8AC8C893265992F9004EBC3C /* Release */,
			);
			defaultConfigurationIsVisible = 0;
			defaultConfigurationName = Release;
		};
/* End XCConfigurationList section */

/* Begin XCVersionGroup section */
		8AD27D62265F285E00062963 /* flickrfrontend.xcdatamodeld */ = {
			isa = XCVersionGroup;
			children = (
				8AD27D63265F285E00062963 /* flickrfrontend.xcdatamodel */,
			);
			currentVersion = 8AD27D63265F285E00062963 /* flickrfrontend.xcdatamodel */;
			path = flickrfrontend.xcdatamodeld;
			sourceTree = "<group>";
			versionGroupType = wrapper.xcdatamodel;
		};
/* End XCVersionGroup section */
	};
	rootObject = 8AC8C856265992F0004EBC3C /* Project object */;
}
