// !$*UTF8*$!
{
	archiveVersion = 1;
	classes = {
	};
	objectVersion = 52;
	objects = {

/* Begin PBXBuildFile section */
		513FCB88C1BBBA79F42CF000 /* Pods_AppServicesTests.framework in Frameworks */ = {isa = PBXBuildFile; fileRef = 2A5D2B44944650D675AD7BA8 /* Pods_AppServicesTests.framework */; };
		5783CAC4274F091A0031E663 /* Cancelable.swift in Sources */ = {isa = PBXBuildFile; fileRef = 5783CAC3274F091A0031E663 /* Cancelable.swift */; };
		5783CAC7274F23AB0031E663 /* OHHTTPStubs in Frameworks */ = {isa = PBXBuildFile; productRef = 5783CAC6274F23AB0031E663 /* OHHTTPStubs */; };
		57BA4A9B270F8DAC005CDAF0 /* Alamofire in Frameworks */ = {isa = PBXBuildFile; productRef = 57BA4A9A270F8DAC005CDAF0 /* Alamofire */; };
		57D2D2AC26CB4EF60058AA1E /* MockSearchDAO.swift in Sources */ = {isa = PBXBuildFile; fileRef = 57D2D2AA26CB4ECE0058AA1E /* MockSearchDAO.swift */; };
		57D2D2B926CC95250058AA1E /* StubPhotoPage.swift in Sources */ = {isa = PBXBuildFile; fileRef = 57D2D2B826CC95250058AA1E /* StubPhotoPage.swift */; };
		57D2D2BB26CC95FD0058AA1E /* StubSearchResult.swift in Sources */ = {isa = PBXBuildFile; fileRef = 57D2D2BA26CC95FD0058AA1E /* StubSearchResult.swift */; };
		57EA9EC826C9EC5B00D4CEA5 /* NetworkTask.swift in Sources */ = {isa = PBXBuildFile; fileRef = 57EA9EC726C9EC5B00D4CEA5 /* NetworkTask.swift */; };
		8A4BC3FE266AB6D0003433CD /* DataService.swift in Sources */ = {isa = PBXBuildFile; fileRef = 8A4BC3FD266AB6D0003433CD /* DataService.swift */; };
		8AD27CC1265F1BFE00062963 /* AppServices.framework in Frameworks */ = {isa = PBXBuildFile; fileRef = 8AD27CB7265F1BFD00062963 /* AppServices.framework */; };
		8AD27CC6265F1BFE00062963 /* GalleryServiceTest.swift in Sources */ = {isa = PBXBuildFile; fileRef = 8AD27CC5265F1BFE00062963 /* GalleryServiceTest.swift */; };
		8AD27CC8265F1BFE00062963 /* AppNetwork.h in Headers */ = {isa = PBXBuildFile; fileRef = 8AD27CBA265F1BFE00062963 /* AppNetwork.h */; settings = {ATTRIBUTES = (Public, ); }; };
		8AD27CE2265F1CA600062963 /* APIFlickr.swift in Sources */ = {isa = PBXBuildFile; fileRef = 8AD27CDF265F1CA600062963 /* APIFlickr.swift */; };
		8AD27CE3265F1CA600062963 /* Router.swift in Sources */ = {isa = PBXBuildFile; fileRef = 8AD27CE0265F1CA600062963 /* Router.swift */; };
		8AD27CE4265F1CA600062963 /* BaseRouter.swift in Sources */ = {isa = PBXBuildFile; fileRef = 8AD27CE1265F1CA600062963 /* BaseRouter.swift */; };
		8AD27CEC265F1F0F00062963 /* PhotoSizeService.swift in Sources */ = {isa = PBXBuildFile; fileRef = 8AD27CE8265F1F0F00062963 /* PhotoSizeService.swift */; };
		8AD27CED265F1F0F00062963 /* NetworkService.swift in Sources */ = {isa = PBXBuildFile; fileRef = 8AD27CE9265F1F0F00062963 /* NetworkService.swift */; };
		8AD27CEE265F1F0F00062963 /* GalleryService.swift in Sources */ = {isa = PBXBuildFile; fileRef = 8AD27CEA265F1F0F00062963 /* GalleryService.swift */; };
		8AD27CEF265F1F0F00062963 /* RESTService.swift in Sources */ = {isa = PBXBuildFile; fileRef = 8AD27CEB265F1F0F00062963 /* RESTService.swift */; };
		8AD27D54265F21C700062963 /* FlickrEntities.framework in Frameworks */ = {isa = PBXBuildFile; fileRef = 8AD27D53265F21C700062963 /* FlickrEntities.framework */; };
/* End PBXBuildFile section */

/* Begin PBXContainerItemProxy section */
		8AD27CC2265F1BFE00062963 /* PBXContainerItemProxy */ = {
			isa = PBXContainerItemProxy;
			containerPortal = 8AD27CAE265F1BFD00062963 /* Project object */;
			proxyType = 1;
			remoteGlobalIDString = 8AD27CB6265F1BFD00062963;
			remoteInfo = AppNetwork;
		};
/* End PBXContainerItemProxy section */

/* Begin PBXCopyFilesBuildPhase section */
		8AD27CDD265F1C7700062963 /* Embed Frameworks */ = {
			isa = PBXCopyFilesBuildPhase;
			buildActionMask = 2147483647;
			dstPath = "";
			dstSubfolderSpec = 10;
			files = (
			);
			name = "Embed Frameworks";
			runOnlyForDeploymentPostprocessing = 0;
		};
/* End PBXCopyFilesBuildPhase section */

/* Begin PBXFileReference section */
		2A5D2B44944650D675AD7BA8 /* Pods_AppServicesTests.framework */ = {isa = PBXFileReference; explicitFileType = wrapper.framework; includeInIndex = 0; path = Pods_AppServicesTests.framework; sourceTree = BUILT_PRODUCTS_DIR; };
		5783CAC3274F091A0031E663 /* Cancelable.swift */ = {isa = PBXFileReference; lastKnownFileType = sourcecode.swift; path = Cancelable.swift; sourceTree = "<group>"; };
		57D2D2AA26CB4ECE0058AA1E /* MockSearchDAO.swift */ = {isa = PBXFileReference; lastKnownFileType = sourcecode.swift; path = MockSearchDAO.swift; sourceTree = "<group>"; };
		57D2D2B826CC95250058AA1E /* StubPhotoPage.swift */ = {isa = PBXFileReference; lastKnownFileType = sourcecode.swift; path = StubPhotoPage.swift; sourceTree = "<group>"; };
		57D2D2BA26CC95FD0058AA1E /* StubSearchResult.swift */ = {isa = PBXFileReference; lastKnownFileType = sourcecode.swift; path = StubSearchResult.swift; sourceTree = "<group>"; };
		57EA9EC726C9EC5B00D4CEA5 /* NetworkTask.swift */ = {isa = PBXFileReference; lastKnownFileType = sourcecode.swift; path = NetworkTask.swift; sourceTree = "<group>"; };
		7BD4401B8CF791E870AA63AC /* Pods_AppServices.framework */ = {isa = PBXFileReference; explicitFileType = wrapper.framework; includeInIndex = 0; path = Pods_AppServices.framework; sourceTree = BUILT_PRODUCTS_DIR; };
		8A4BC3FD266AB6D0003433CD /* DataService.swift */ = {isa = PBXFileReference; lastKnownFileType = sourcecode.swift; path = DataService.swift; sourceTree = "<group>"; };
		8AD27CB7265F1BFD00062963 /* AppServices.framework */ = {isa = PBXFileReference; explicitFileType = wrapper.framework; includeInIndex = 0; path = AppServices.framework; sourceTree = BUILT_PRODUCTS_DIR; };
		8AD27CBA265F1BFE00062963 /* AppNetwork.h */ = {isa = PBXFileReference; lastKnownFileType = sourcecode.c.h; path = AppNetwork.h; sourceTree = "<group>"; };
		8AD27CBB265F1BFE00062963 /* Info.plist */ = {isa = PBXFileReference; lastKnownFileType = text.plist.xml; path = Info.plist; sourceTree = "<group>"; };
		8AD27CC0265F1BFE00062963 /* AppServicesTests.xctest */ = {isa = PBXFileReference; explicitFileType = wrapper.cfbundle; includeInIndex = 0; path = AppServicesTests.xctest; sourceTree = BUILT_PRODUCTS_DIR; };
		8AD27CC5265F1BFE00062963 /* GalleryServiceTest.swift */ = {isa = PBXFileReference; lastKnownFileType = sourcecode.swift; path = GalleryServiceTest.swift; sourceTree = "<group>"; };
		8AD27CC7265F1BFE00062963 /* Info.plist */ = {isa = PBXFileReference; lastKnownFileType = text.plist.xml; path = Info.plist; sourceTree = "<group>"; };
		8AD27CD6265F1C6100062963 /* Alamofire.framework */ = {isa = PBXFileReference; explicitFileType = wrapper.framework; path = Alamofire.framework; sourceTree = BUILT_PRODUCTS_DIR; };
		8AD27CDF265F1CA600062963 /* APIFlickr.swift */ = {isa = PBXFileReference; fileEncoding = 4; lastKnownFileType = sourcecode.swift; path = APIFlickr.swift; sourceTree = "<group>"; };
		8AD27CE0265F1CA600062963 /* Router.swift */ = {isa = PBXFileReference; fileEncoding = 4; lastKnownFileType = sourcecode.swift; path = Router.swift; sourceTree = "<group>"; };
		8AD27CE1265F1CA600062963 /* BaseRouter.swift */ = {isa = PBXFileReference; fileEncoding = 4; lastKnownFileType = sourcecode.swift; path = BaseRouter.swift; sourceTree = "<group>"; };
		8AD27CE8265F1F0F00062963 /* PhotoSizeService.swift */ = {isa = PBXFileReference; fileEncoding = 4; lastKnownFileType = sourcecode.swift; path = PhotoSizeService.swift; sourceTree = "<group>"; };
		8AD27CE9265F1F0F00062963 /* NetworkService.swift */ = {isa = PBXFileReference; fileEncoding = 4; lastKnownFileType = sourcecode.swift; path = NetworkService.swift; sourceTree = "<group>"; };
		8AD27CEA265F1F0F00062963 /* GalleryService.swift */ = {isa = PBXFileReference; fileEncoding = 4; lastKnownFileType = sourcecode.swift; path = GalleryService.swift; sourceTree = "<group>"; };
		8AD27CEB265F1F0F00062963 /* RESTService.swift */ = {isa = PBXFileReference; fileEncoding = 4; lastKnownFileType = sourcecode.swift; path = RESTService.swift; sourceTree = "<group>"; };
		8AD27D1C265F200200062963 /* Entities.framework */ = {isa = PBXFileReference; explicitFileType = wrapper.framework; path = Entities.framework; sourceTree = BUILT_PRODUCTS_DIR; };
		8AD27D24265F212100062963 /* FlickrEntities.framework */ = {isa = PBXFileReference; explicitFileType = wrapper.framework; path = FlickrEntities.framework; sourceTree = BUILT_PRODUCTS_DIR; };
		8AD27D53265F21C700062963 /* FlickrEntities.framework */ = {isa = PBXFileReference; explicitFileType = wrapper.framework; path = FlickrEntities.framework; sourceTree = BUILT_PRODUCTS_DIR; };
/* End PBXFileReference section */

/* Begin PBXFrameworksBuildPhase section */
		8AD27CB4265F1BFD00062963 /* Frameworks */ = {
			isa = PBXFrameworksBuildPhase;
			buildActionMask = 2147483647;
			files = (
				57BA4A9B270F8DAC005CDAF0 /* Alamofire in Frameworks */,
				8AD27D54265F21C700062963 /* FlickrEntities.framework in Frameworks */,
				5783CAC7274F23AB0031E663 /* OHHTTPStubs in Frameworks */,
			);
			runOnlyForDeploymentPostprocessing = 0;
		};
		8AD27CBD265F1BFE00062963 /* Frameworks */ = {
			isa = PBXFrameworksBuildPhase;
			buildActionMask = 2147483647;
			files = (
				8AD27CC1265F1BFE00062963 /* AppServices.framework in Frameworks */,
				513FCB88C1BBBA79F42CF000 /* Pods_AppServicesTests.framework in Frameworks */,
			);
			runOnlyForDeploymentPostprocessing = 0;
		};
/* End PBXFrameworksBuildPhase section */

/* Begin PBXGroup section */
		5783CAC2274F090A0031E663 /* Util */ = {
			isa = PBXGroup;
			children = (
				5783CAC3274F091A0031E663 /* Cancelable.swift */,
			);
			path = Util;
			sourceTree = "<group>";
		};
		57D2D2A926CB4E570058AA1E /* TestDoubles */ = {
			isa = PBXGroup;
			children = (
				57D2D2AA26CB4ECE0058AA1E /* MockSearchDAO.swift */,
				57D2D2B826CC95250058AA1E /* StubPhotoPage.swift */,
				57D2D2BA26CC95FD0058AA1E /* StubSearchResult.swift */,
			);
			path = TestDoubles;
			sourceTree = "<group>";
		};
		8AD27CAD265F1BFD00062963 = {
			isa = PBXGroup;
			children = (
				8AD27CB9265F1BFD00062963 /* AppServices */,
				8AD27CC4265F1BFE00062963 /* AppNetworkTests */,
				8AD27CB8265F1BFD00062963 /* Products */,
				8AD27CD5265F1C6100062963 /* Frameworks */,
			);
			sourceTree = "<group>";
		};
		8AD27CB8265F1BFD00062963 /* Products */ = {
			isa = PBXGroup;
			children = (
				8AD27CB7265F1BFD00062963 /* AppServices.framework */,
				8AD27CC0265F1BFE00062963 /* AppServicesTests.xctest */,
			);
			name = Products;
			sourceTree = "<group>";
		};
		8AD27CB9265F1BFD00062963 /* AppServices */ = {
			isa = PBXGroup;
			children = (
				5783CAC2274F090A0031E663 /* Util */,
				8AD27CE7265F1F0E00062963 /* Services */,
				8AD27CDE265F1CA600062963 /* API */,
				8AD27CBA265F1BFE00062963 /* AppNetwork.h */,
				8AD27CBB265F1BFE00062963 /* Info.plist */,
			);
			path = AppServices;
			sourceTree = "<group>";
		};
		8AD27CC4265F1BFE00062963 /* AppNetworkTests */ = {
			isa = PBXGroup;
			children = (
				57D2D2A926CB4E570058AA1E /* TestDoubles */,
				8AD27CC5265F1BFE00062963 /* GalleryServiceTest.swift */,
				8AD27CC7265F1BFE00062963 /* Info.plist */,
			);
			path = AppNetworkTests;
			sourceTree = "<group>";
		};
		8AD27CD5265F1C6100062963 /* Frameworks */ = {
			isa = PBXGroup;
			children = (
				8AD27D53265F21C700062963 /* FlickrEntities.framework */,
				8AD27D24265F212100062963 /* FlickrEntities.framework */,
				8AD27D1C265F200200062963 /* Entities.framework */,
				8AD27CD6265F1C6100062963 /* Alamofire.framework */,
				7BD4401B8CF791E870AA63AC /* Pods_AppServices.framework */,
				2A5D2B44944650D675AD7BA8 /* Pods_AppServicesTests.framework */,
			);
			name = Frameworks;
			sourceTree = "<group>";
		};
		8AD27CDE265F1CA600062963 /* API */ = {
			isa = PBXGroup;
			children = (
				8AD27CDF265F1CA600062963 /* APIFlickr.swift */,
				8AD27CE0265F1CA600062963 /* Router.swift */,
				8AD27CE1265F1CA600062963 /* BaseRouter.swift */,
			);
			path = API;
			sourceTree = "<group>";
		};
		8AD27CE7265F1F0E00062963 /* Services */ = {
			isa = PBXGroup;
			children = (
				8AD27CE8265F1F0F00062963 /* PhotoSizeService.swift */,
				8AD27CE9265F1F0F00062963 /* NetworkService.swift */,
				8AD27CEA265F1F0F00062963 /* GalleryService.swift */,
				8AD27CEB265F1F0F00062963 /* RESTService.swift */,
				8A4BC3FD266AB6D0003433CD /* DataService.swift */,
				57EA9EC726C9EC5B00D4CEA5 /* NetworkTask.swift */,
			);
			path = Services;
			sourceTree = "<group>";
		};
/* End PBXGroup section */

/* Begin PBXHeadersBuildPhase section */
		8AD27CB2265F1BFD00062963 /* Headers */ = {
			isa = PBXHeadersBuildPhase;
			buildActionMask = 2147483647;
			files = (
				8AD27CC8265F1BFE00062963 /* AppNetwork.h in Headers */,
			);
			runOnlyForDeploymentPostprocessing = 0;
		};
/* End PBXHeadersBuildPhase section */

/* Begin PBXNativeTarget section */
		8AD27CB6265F1BFD00062963 /* AppServices */ = {
			isa = PBXNativeTarget;
			buildConfigurationList = 8AD27CCB265F1BFE00062963 /* Build configuration list for PBXNativeTarget "AppServices" */;
			buildPhases = (
				8AD27CB2265F1BFD00062963 /* Headers */,
				8AD27CB3265F1BFD00062963 /* Sources */,
				8AD27CB4265F1BFD00062963 /* Frameworks */,
				8AD27CB5265F1BFD00062963 /* Resources */,
				8AD27CDD265F1C7700062963 /* Embed Frameworks */,
			);
			buildRules = (
			);
			dependencies = (
			);
			name = AppServices;
			packageProductDependencies = (
				57BA4A9A270F8DAC005CDAF0 /* Alamofire */,
				5783CAC6274F23AB0031E663 /* OHHTTPStubs */,
			);
			productName = AppNetwork;
			productReference = 8AD27CB7265F1BFD00062963 /* AppServices.framework */;
			productType = "com.apple.product-type.framework";
		};
		8AD27CBF265F1BFE00062963 /* AppServicesTests */ = {
			isa = PBXNativeTarget;
			buildConfigurationList = 8AD27CCE265F1BFE00062963 /* Build configuration list for PBXNativeTarget "AppServicesTests" */;
			buildPhases = (
				975FA2B72796825C0C5D92B5 /* [CP] Check Pods Manifest.lock */,
				8AD27CBC265F1BFE00062963 /* Sources */,
				8AD27CBD265F1BFE00062963 /* Frameworks */,
				8AD27CBE265F1BFE00062963 /* Resources */,
				76884BA0A5311F6C6AFEA62A /* [CP] Embed Pods Frameworks */,
			);
			buildRules = (
			);
			dependencies = (
				8AD27CC3265F1BFE00062963 /* PBXTargetDependency */,
			);
			name = AppServicesTests;
			productName = AppNetworkTests;
			productReference = 8AD27CC0265F1BFE00062963 /* AppServicesTests.xctest */;
			productType = "com.apple.product-type.bundle.unit-test";
		};
/* End PBXNativeTarget section */

/* Begin PBXProject section */
		8AD27CAE265F1BFD00062963 /* Project object */ = {
			isa = PBXProject;
			attributes = {
				LastSwiftUpdateCheck = 1250;
				LastUpgradeCheck = 1250;
				TargetAttributes = {
					8AD27CB6265F1BFD00062963 = {
						CreatedOnToolsVersion = 12.5;
					};
					8AD27CBF265F1BFE00062963 = {
						CreatedOnToolsVersion = 12.5;
					};
				};
			};
			buildConfigurationList = 8AD27CB1265F1BFD00062963 /* Build configuration list for PBXProject "AppServices" */;
			compatibilityVersion = "Xcode 9.3";
			developmentRegion = en;
			hasScannedForEncodings = 0;
			knownRegions = (
				en,
				Base,
			);
			mainGroup = 8AD27CAD265F1BFD00062963;
			packageReferences = (
				57BA4A99270F8DAC005CDAF0 /* XCRemoteSwiftPackageReference "Alamofire" */,
				5783CAC5274F23AB0031E663 /* XCRemoteSwiftPackageReference "OHHTTPStubs" */,
			);
			productRefGroup = 8AD27CB8265F1BFD00062963 /* Products */;
			projectDirPath = "";
			projectRoot = "";
			targets = (
				8AD27CB6265F1BFD00062963 /* AppServices */,
				8AD27CBF265F1BFE00062963 /* AppServicesTests */,
			);
		};
/* End PBXProject section */

/* Begin PBXResourcesBuildPhase section */
		8AD27CB5265F1BFD00062963 /* Resources */ = {
			isa = PBXResourcesBuildPhase;
			buildActionMask = 2147483647;
			files = (
			);
			runOnlyForDeploymentPostprocessing = 0;
		};
		8AD27CBE265F1BFE00062963 /* Resources */ = {
			isa = PBXResourcesBuildPhase;
			buildActionMask = 2147483647;
			files = (
			);
			runOnlyForDeploymentPostprocessing = 0;
		};
/* End PBXResourcesBuildPhase section */

/* Begin PBXShellScriptBuildPhase section */
		76884BA0A5311F6C6AFEA62A /* [CP] Embed Pods Frameworks */ = {
			isa = PBXShellScriptBuildPhase;
			buildActionMask = 2147483647;
			files = (
			);
			inputFileListPaths = (
				"${PODS_ROOT}/Target Support Files/Pods-AppServicesTests/Pods-AppServicesTests-frameworks-${CONFIGURATION}-input-files.xcfilelist",
			);
			name = "[CP] Embed Pods Frameworks";
			outputFileListPaths = (
				"${PODS_ROOT}/Target Support Files/Pods-AppServicesTests/Pods-AppServicesTests-frameworks-${CONFIGURATION}-output-files.xcfilelist",
			);
			runOnlyForDeploymentPostprocessing = 0;
			shellPath = /bin/sh;
			shellScript = "\"${PODS_ROOT}/Target Support Files/Pods-AppServicesTests/Pods-AppServicesTests-frameworks.sh\"\n";
			showEnvVarsInLog = 0;
		};
		975FA2B72796825C0C5D92B5 /* [CP] Check Pods Manifest.lock */ = {
			isa = PBXShellScriptBuildPhase;
			buildActionMask = 2147483647;
			files = (
			);
			inputFileListPaths = (
			);
			inputPaths = (
				"${PODS_PODFILE_DIR_PATH}/Podfile.lock",
				"${PODS_ROOT}/Manifest.lock",
			);
			name = "[CP] Check Pods Manifest.lock";
			outputFileListPaths = (
			);
			outputPaths = (
				"$(DERIVED_FILE_DIR)/Pods-AppServicesTests-checkManifestLockResult.txt",
			);
			runOnlyForDeploymentPostprocessing = 0;
			shellPath = /bin/sh;
			shellScript = "diff \"${PODS_PODFILE_DIR_PATH}/Podfile.lock\" \"${PODS_ROOT}/Manifest.lock\" > /dev/null\nif [ $? != 0 ] ; then\n    # print error to STDERR\n    echo \"error: The sandbox is not in sync with the Podfile.lock. Run 'pod install' or update your CocoaPods installation.\" >&2\n    exit 1\nfi\n# This output is used by Xcode 'outputs' to avoid re-running this script phase.\necho \"SUCCESS\" > \"${SCRIPT_OUTPUT_FILE_0}\"\n";
			showEnvVarsInLog = 0;
		};
/* End PBXShellScriptBuildPhase section */

/* Begin PBXSourcesBuildPhase section */
		8AD27CB3265F1BFD00062963 /* Sources */ = {
			isa = PBXSourcesBuildPhase;
			buildActionMask = 2147483647;
			files = (
				57D2D2BB26CC95FD0058AA1E /* StubSearchResult.swift in Sources */,
				57EA9EC826C9EC5B00D4CEA5 /* NetworkTask.swift in Sources */,
				57D2D2B926CC95250058AA1E /* StubPhotoPage.swift in Sources */,
				8AD27CE3265F1CA600062963 /* Router.swift in Sources */,
				8A4BC3FE266AB6D0003433CD /* DataService.swift in Sources */,
				8AD27CE4265F1CA600062963 /* BaseRouter.swift in Sources */,
				8AD27CED265F1F0F00062963 /* NetworkService.swift in Sources */,
				8AD27CE2265F1CA600062963 /* APIFlickr.swift in Sources */,
				8AD27CEE265F1F0F00062963 /* GalleryService.swift in Sources */,
				5783CAC4274F091A0031E663 /* Cancelable.swift in Sources */,
				8AD27CEF265F1F0F00062963 /* RESTService.swift in Sources */,
				8AD27CEC265F1F0F00062963 /* PhotoSizeService.swift in Sources */,
			);
			runOnlyForDeploymentPostprocessing = 0;
		};
		8AD27CBC265F1BFE00062963 /* Sources */ = {
			isa = PBXSourcesBuildPhase;
			buildActionMask = 2147483647;
			files = (
				57D2D2AC26CB4EF60058AA1E /* MockSearchDAO.swift in Sources */,
				8AD27CC6265F1BFE00062963 /* GalleryServiceTest.swift in Sources */,
			);
			runOnlyForDeploymentPostprocessing = 0;
		};
/* End PBXSourcesBuildPhase section */

/* Begin PBXTargetDependency section */
		8AD27CC3265F1BFE00062963 /* PBXTargetDependency */ = {
			isa = PBXTargetDependency;
			target = 8AD27CB6265F1BFD00062963 /* AppServices */;
			targetProxy = 8AD27CC2265F1BFE00062963 /* PBXContainerItemProxy */;
		};
/* End PBXTargetDependency section */

/* Begin XCBuildConfiguration section */
		8AD27CC9265F1BFE00062963 /* Debug */ = {
			isa = XCBuildConfiguration;
			buildSettings = {
				ALWAYS_EMBED_SWIFT_STANDARD_LIBRARIES = YES;
				ALWAYS_SEARCH_USER_PATHS = NO;
				CLANG_ANALYZER_NONNULL = YES;
				CLANG_ANALYZER_NUMBER_OBJECT_CONVERSION = YES_AGGRESSIVE;
				CLANG_CXX_LANGUAGE_STANDARD = "gnu++14";
				CLANG_CXX_LIBRARY = "libc++";
				CLANG_ENABLE_MODULES = YES;
				CLANG_ENABLE_OBJC_ARC = YES;
				CLANG_ENABLE_OBJC_WEAK = YES;
				CLANG_WARN_BLOCK_CAPTURE_AUTORELEASING = YES;
				CLANG_WARN_BOOL_CONVERSION = YES;
				CLANG_WARN_COMMA = YES;
				CLANG_WARN_CONSTANT_CONVERSION = YES;
				CLANG_WARN_DEPRECATED_OBJC_IMPLEMENTATIONS = YES;
				CLANG_WARN_DIRECT_OBJC_ISA_USAGE = YES_ERROR;
				CLANG_WARN_DOCUMENTATION_COMMENTS = YES;
				CLANG_WARN_EMPTY_BODY = YES;
				CLANG_WARN_ENUM_CONVERSION = YES;
				CLANG_WARN_INFINITE_RECURSION = YES;
				CLANG_WARN_INT_CONVERSION = YES;
				CLANG_WARN_NON_LITERAL_NULL_CONVERSION = YES;
				CLANG_WARN_OBJC_IMPLICIT_RETAIN_SELF = YES;
				CLANG_WARN_OBJC_LITERAL_CONVERSION = YES;
				CLANG_WARN_OBJC_ROOT_CLASS = YES_ERROR;
				CLANG_WARN_QUOTED_INCLUDE_IN_FRAMEWORK_HEADER = YES;
				CLANG_WARN_RANGE_LOOP_ANALYSIS = YES;
				CLANG_WARN_STRICT_PROTOTYPES = YES;
				CLANG_WARN_SUSPICIOUS_MOVE = YES;
				CLANG_WARN_UNGUARDED_AVAILABILITY = YES_AGGRESSIVE;
				CLANG_WARN_UNREACHABLE_CODE = YES;
				CLANG_WARN__DUPLICATE_METHOD_MATCH = YES;
				COPY_PHASE_STRIP = NO;
				CURRENT_PROJECT_VERSION = 1;
				DEBUG_INFORMATION_FORMAT = dwarf;
				ENABLE_STRICT_OBJC_MSGSEND = YES;
				ENABLE_TESTABILITY = YES;
				GCC_C_LANGUAGE_STANDARD = gnu11;
				GCC_DYNAMIC_NO_PIC = NO;
				GCC_NO_COMMON_BLOCKS = YES;
				GCC_OPTIMIZATION_LEVEL = 0;
				GCC_PREPROCESSOR_DEFINITIONS = (
					"DEBUG=1",
					"$(inherited)",
				);
				GCC_WARN_64_TO_32_BIT_CONVERSION = YES;
				GCC_WARN_ABOUT_RETURN_TYPE = YES_ERROR;
				GCC_WARN_UNDECLARED_SELECTOR = YES;
				GCC_WARN_UNINITIALIZED_AUTOS = YES_AGGRESSIVE;
				GCC_WARN_UNUSED_FUNCTION = YES;
				GCC_WARN_UNUSED_VARIABLE = YES;
				INSTALL_PATH = /Application;
				IPHONEOS_DEPLOYMENT_TARGET = 14.5;
				LD_RUNPATH_SEARCH_PATHS = "@executable_path/Frameworks";
				MTL_ENABLE_DEBUG_INFO = INCLUDE_SOURCE;
				MTL_FAST_MATH = YES;
				ONLY_ACTIVE_ARCH = YES;
				SDKROOT = iphoneos;
				SWIFT_ACTIVE_COMPILATION_CONDITIONS = DEBUG;
				SWIFT_OPTIMIZATION_LEVEL = "-Onone";
				SWIFT_VERSION = 5.0;
				VERSIONING_SYSTEM = "apple-generic";
				VERSION_INFO_PREFIX = "";
			};
			name = Debug;
		};
		8AD27CCA265F1BFE00062963 /* Release */ = {
			isa = XCBuildConfiguration;
			buildSettings = {
				ALWAYS_EMBED_SWIFT_STANDARD_LIBRARIES = YES;
				ALWAYS_SEARCH_USER_PATHS = NO;
				CLANG_ANALYZER_NONNULL = YES;
				CLANG_ANALYZER_NUMBER_OBJECT_CONVERSION = YES_AGGRESSIVE;
				CLANG_CXX_LANGUAGE_STANDARD = "gnu++14";
				CLANG_CXX_LIBRARY = "libc++";
				CLANG_ENABLE_MODULES = YES;
				CLANG_ENABLE_OBJC_ARC = YES;
				CLANG_ENABLE_OBJC_WEAK = YES;
				CLANG_WARN_BLOCK_CAPTURE_AUTORELEASING = YES;
				CLANG_WARN_BOOL_CONVERSION = YES;
				CLANG_WARN_COMMA = YES;
				CLANG_WARN_CONSTANT_CONVERSION = YES;
				CLANG_WARN_DEPRECATED_OBJC_IMPLEMENTATIONS = YES;
				CLANG_WARN_DIRECT_OBJC_ISA_USAGE = YES_ERROR;
				CLANG_WARN_DOCUMENTATION_COMMENTS = YES;
				CLANG_WARN_EMPTY_BODY = YES;
				CLANG_WARN_ENUM_CONVERSION = YES;
				CLANG_WARN_INFINITE_RECURSION = YES;
				CLANG_WARN_INT_CONVERSION = YES;
				CLANG_WARN_NON_LITERAL_NULL_CONVERSION = YES;
				CLANG_WARN_OBJC_IMPLICIT_RETAIN_SELF = YES;
				CLANG_WARN_OBJC_LITERAL_CONVERSION = YES;
				CLANG_WARN_OBJC_ROOT_CLASS = YES_ERROR;
				CLANG_WARN_QUOTED_INCLUDE_IN_FRAMEWORK_HEADER = YES;
				CLANG_WARN_RANGE_LOOP_ANALYSIS = YES;
				CLANG_WARN_STRICT_PROTOTYPES = YES;
				CLANG_WARN_SUSPICIOUS_MOVE = YES;
				CLANG_WARN_UNGUARDED_AVAILABILITY = YES_AGGRESSIVE;
				CLANG_WARN_UNREACHABLE_CODE = YES;
				CLANG_WARN__DUPLICATE_METHOD_MATCH = YES;
				COPY_PHASE_STRIP = NO;
				CURRENT_PROJECT_VERSION = 1;
				DEBUG_INFORMATION_FORMAT = "dwarf-with-dsym";
				ENABLE_NS_ASSERTIONS = NO;
				ENABLE_STRICT_OBJC_MSGSEND = YES;
				GCC_C_LANGUAGE_STANDARD = gnu11;
				GCC_NO_COMMON_BLOCKS = YES;
				GCC_WARN_64_TO_32_BIT_CONVERSION = YES;
				GCC_WARN_ABOUT_RETURN_TYPE = YES_ERROR;
				GCC_WARN_UNDECLARED_SELECTOR = YES;
				GCC_WARN_UNINITIALIZED_AUTOS = YES_AGGRESSIVE;
				GCC_WARN_UNUSED_FUNCTION = YES;
				GCC_WARN_UNUSED_VARIABLE = YES;
				INSTALL_PATH = /Application;
				IPHONEOS_DEPLOYMENT_TARGET = 14.5;
				LD_RUNPATH_SEARCH_PATHS = "@executable_path/Frameworks";
				MTL_ENABLE_DEBUG_INFO = NO;
				MTL_FAST_MATH = YES;
				SDKROOT = iphoneos;
				SWIFT_COMPILATION_MODE = wholemodule;
				SWIFT_OPTIMIZATION_LEVEL = "-O";
				SWIFT_VERSION = 5.0;
				VALIDATE_PRODUCT = YES;
				VERSIONING_SYSTEM = "apple-generic";
				VERSION_INFO_PREFIX = "";
			};
			name = Release;
		};
		8AD27CCC265F1BFE00062963 /* Debug */ = {
			isa = XCBuildConfiguration;
			buildSettings = {
				CODE_SIGN_STYLE = Automatic;
				DEFINES_MODULE = YES;
				DEVELOPMENT_TEAM = UGGEUBZ59J;
				DYLIB_COMPATIBILITY_VERSION = 1;
				DYLIB_CURRENT_VERSION = 1;
				DYLIB_INSTALL_NAME_BASE = "@rpath";
				INFOPLIST_FILE = "$(SRCROOT)/AppServices/Info.plist";
				INSTALL_PATH = "$(LOCAL_LIBRARY_DIR)/Frameworks";
				LD_RUNPATH_SEARCH_PATHS = (
					"$(inherited)",
					"@loader_path/Frameworks",
				);
				PRODUCT_BUNDLE_IDENTIFIER = victoramaro.AppNetwork;
				PRODUCT_NAME = "$(TARGET_NAME:c99extidentifier)";
				SKIP_INSTALL = YES;
				SWIFT_VERSION = 5.0;
				TARGETED_DEVICE_FAMILY = "1,2";
			};
			name = Debug;
		};
		8AD27CCD265F1BFE00062963 /* Release */ = {
			isa = XCBuildConfiguration;
			buildSettings = {
				CODE_SIGN_STYLE = Automatic;
				DEFINES_MODULE = YES;
				DEVELOPMENT_TEAM = UGGEUBZ59J;
				DYLIB_COMPATIBILITY_VERSION = 1;
				DYLIB_CURRENT_VERSION = 1;
				DYLIB_INSTALL_NAME_BASE = "@rpath";
				INFOPLIST_FILE = "$(SRCROOT)/AppServices/Info.plist";
				INSTALL_PATH = "$(LOCAL_LIBRARY_DIR)/Frameworks";
				LD_RUNPATH_SEARCH_PATHS = (
					"$(inherited)",
					"@loader_path/Frameworks",
				);
				PRODUCT_BUNDLE_IDENTIFIER = victoramaro.AppNetwork;
				PRODUCT_NAME = "$(TARGET_NAME:c99extidentifier)";
				SKIP_INSTALL = YES;
				SWIFT_VERSION = 5.0;
				TARGETED_DEVICE_FAMILY = "1,2";
			};
			name = Release;
		};
		8AD27CCF265F1BFE00062963 /* Debug */ = {
			isa = XCBuildConfiguration;
			buildSettings = {
				ALWAYS_EMBED_SWIFT_STANDARD_LIBRARIES = "$(inherited)";
				CODE_SIGN_STYLE = Automatic;
				DEVELOPMENT_TEAM = UGGEUBZ59J;
				INFOPLIST_FILE = AppNetworkTests/Info.plist;
				LD_RUNPATH_SEARCH_PATHS = (
					"$(inherited)",
					"@executable_path/Frameworks",
					"@loader_path/Frameworks",
				);
				PRODUCT_BUNDLE_IDENTIFIER = victoramaro.AppNetworkTests;
				PRODUCT_NAME = "$(TARGET_NAME)";
				SWIFT_VERSION = 5.0;
				TARGETED_DEVICE_FAMILY = "1,2";
			};
			name = Debug;
		};
		8AD27CD0265F1BFE00062963 /* Release */ = {
			isa = XCBuildConfiguration;
			buildSettings = {
				ALWAYS_EMBED_SWIFT_STANDARD_LIBRARIES = "$(inherited)";
				CODE_SIGN_STYLE = Automatic;
				DEVELOPMENT_TEAM = UGGEUBZ59J;
				INFOPLIST_FILE = AppNetworkTests/Info.plist;
				LD_RUNPATH_SEARCH_PATHS = (
					"$(inherited)",
					"@executable_path/Frameworks",
					"@loader_path/Frameworks",
				);
				PRODUCT_BUNDLE_IDENTIFIER = victoramaro.AppNetworkTests;
				PRODUCT_NAME = "$(TARGET_NAME)";
				SWIFT_VERSION = 5.0;
				TARGETED_DEVICE_FAMILY = "1,2";
			};
			name = Release;
		};
/* End XCBuildConfiguration section */

/* Begin XCConfigurationList section */
		8AD27CB1265F1BFD00062963 /* Build configuration list for PBXProject "AppServices" */ = {
			isa = XCConfigurationList;
			buildConfigurations = (
				8AD27CC9265F1BFE00062963 /* Debug */,
				8AD27CCA265F1BFE00062963 /* Release */,
			);
			defaultConfigurationIsVisible = 0;
			defaultConfigurationName = Release;
		};
		8AD27CCB265F1BFE00062963 /* Build configuration list for PBXNativeTarget "AppServices" */ = {
			isa = XCConfigurationList;
			buildConfigurations = (
				8AD27CCC265F1BFE00062963 /* Debug */,
				8AD27CCD265F1BFE00062963 /* Release */,
			);
			defaultConfigurationIsVisible = 0;
			defaultConfigurationName = Release;
		};
		8AD27CCE265F1BFE00062963 /* Build configuration list for PBXNativeTarget "AppServicesTests" */ = {
			isa = XCConfigurationList;
			buildConfigurations = (
				8AD27CCF265F1BFE00062963 /* Debug */,
				8AD27CD0265F1BFE00062963 /* Release */,
			);
			defaultConfigurationIsVisible = 0;
			defaultConfigurationName = Release;
		};
/* End XCConfigurationList section */

/* Begin XCRemoteSwiftPackageReference section */
		5783CAC5274F23AB0031E663 /* XCRemoteSwiftPackageReference "OHHTTPStubs" */ = {
			isa = XCRemoteSwiftPackageReference;
			repositoryURL = "https://github.com/AliSoftware/OHHTTPStubs.git";
			requirement = {
				kind = upToNextMajorVersion;
				minimumVersion = 9.0.0;
			};
		};
		57BA4A99270F8DAC005CDAF0 /* XCRemoteSwiftPackageReference "Alamofire" */ = {
			isa = XCRemoteSwiftPackageReference;
			repositoryURL = "https://github.com/Alamofire/Alamofire.git";
			requirement = {
				kind = upToNextMajorVersion;
				minimumVersion = 5.0.0;
			};
		};
/* End XCRemoteSwiftPackageReference section */

/* Begin XCSwiftPackageProductDependency section */
		5783CAC6274F23AB0031E663 /* OHHTTPStubs */ = {
			isa = XCSwiftPackageProductDependency;
			package = 5783CAC5274F23AB0031E663 /* XCRemoteSwiftPackageReference "OHHTTPStubs" */;
			productName = OHHTTPStubs;
		};
		57BA4A9A270F8DAC005CDAF0 /* Alamofire */ = {
			isa = XCSwiftPackageProductDependency;
			package = 57BA4A99270F8DAC005CDAF0 /* XCRemoteSwiftPackageReference "Alamofire" */;
			productName = Alamofire;
		};
/* End XCSwiftPackageProductDependency section */
	};
	rootObject = 8AD27CAE265F1BFD00062963 /* Project object */;
}
